Microsoft Visual Studio Solution File, Format Version 11.00
# Visual Studio 2010
Project("{FAE04EC0-301F-11D3-BF4B-00C04F79EFBC}") = "Assembly-CSharp", "Assembly-CSharp.csproj", "{0481c004-5ebb-89a2-c7b2-2ee28dad4d7f}"
EndProject
Project("{FAE04EC0-301F-11D3-BF4B-00C04F79EFBC}") = "Assembly-CSharp-firstpass", "Assembly-CSharp-firstpass.csproj", "{ff2ed062-2906-0f8b-592d-4ae933d99226}"
EndProject
Project("{FAE04EC0-301F-11D3-BF4B-00C04F79EFBC}") = "Assembly-CSharp-Editor-firstpass", "Assembly-CSharp-Editor-firstpass.csproj", "{aed9e39a-8556-3e07-ef99-75751a16fc0c}"
EndProject
Project("{FAE04EC0-301F-11D3-BF4B-00C04F79EFBC}") = "Assembly-CSharp-Editor", "Assembly-CSharp-Editor.csproj", "{99bd4791-872d-9f5b-de53-e53841832617}"
EndProject
Global
	GlobalSection(SolutionConfigurationPlatforms) = preSolution
		Debug|Any CPU = Debug|Any CPU
		Release|Any CPU = Release|Any CPU
	EndGlobalSection
	GlobalSection(ProjectConfigurationPlatforms) = postSolution
		{0481c004-5ebb-89a2-c7b2-2ee28dad4d7f}.Debug|Any CPU.ActiveCfg = Debug|Any CPU
		{0481c004-5ebb-89a2-c7b2-2ee28dad4d7f}.Debug|Any CPU.Build.0 = Debug|Any CPU
		{0481c004-5ebb-89a2-c7b2-2ee28dad4d7f}.Release|Any CPU.ActiveCfg = Release|Any CPU
		{0481c004-5ebb-89a2-c7b2-2ee28dad4d7f}.Release|Any CPU.Build.0 = Release|Any CPU
		{ff2ed062-2906-0f8b-592d-4ae933d99226}.Debug|Any CPU.ActiveCfg = Debug|Any CPU
		{ff2ed062-2906-0f8b-592d-4ae933d99226}.Debug|Any CPU.Build.0 = Debug|Any CPU
		{ff2ed062-2906-0f8b-592d-4ae933d99226}.Release|Any CPU.ActiveCfg = Release|Any CPU
		{ff2ed062-2906-0f8b-592d-4ae933d99226}.Release|Any CPU.Build.0 = Release|Any CPU
		{aed9e39a-8556-3e07-ef99-75751a16fc0c}.Debug|Any CPU.ActiveCfg = Debug|Any CPU
		{aed9e39a-8556-3e07-ef99-75751a16fc0c}.Debug|Any CPU.Build.0 = Debug|Any CPU
		{aed9e39a-8556-3e07-ef99-75751a16fc0c}.Release|Any CPU.ActiveCfg = Release|Any CPU
		{aed9e39a-8556-3e07-ef99-75751a16fc0c}.Release|Any CPU.Build.0 = Release|Any CPU
		{99bd4791-872d-9f5b-de53-e53841832617}.Debug|Any CPU.ActiveCfg = Debug|Any CPU
		{99bd4791-872d-9f5b-de53-e53841832617}.Debug|Any CPU.Build.0 = Debug|Any CPU
		{99bd4791-872d-9f5b-de53-e53841832617}.Release|Any CPU.ActiveCfg = Release|Any CPU
		{99bd4791-872d-9f5b-de53-e53841832617}.Release|Any CPU.Build.0 = Release|Any CPU
	EndGlobalSection
	GlobalSection(SolutionProperties) = preSolution
		HideSolutionNode = FALSE
	EndGlobalSection
EndGlobal
